
Microsoft Visual Studio Solution File, Format Version 12.00
# Visual Studio 15
VisualStudioVersion = 15.0.27703.2042
MinimumVisualStudioVersion = 10.0.40219.1
Project("{FAE04EC0-301F-11D3-BF4B-00C04F79EFBC}") = "GooglePlayParser", "GooglePlayParser\GooglePlayParser.csproj", "{9F422FF0-DA4D-4DE8-882B-D78DE7449ECB}"
EndProject
Global
	GlobalSection(SolutionConfigurationPlatforms) = preSolution
		Debug|Any CPU = Debug|Any CPU
		Release|Any CPU = Release|Any CPU
	EndGlobalSection
	GlobalSection(ProjectConfigurationPlatforms) = postSolution
		{9F422FF0-DA4D-4DE8-882B-D78DE7449ECB}.Debug|Any CPU.ActiveCfg = Debug|Any CPU
		{9F422FF0-DA4D-4DE8-882B-D78DE7449ECB}.Debug|Any CPU.Build.0 = Debug|Any CPU
		{9F422FF0-DA4D-4DE8-882B-D78DE7449ECB}.Release|Any CPU.ActiveCfg = Release|Any CPU
		{9F422FF0-DA4D-4DE8-882B-D78DE7449ECB}.Release|Any CPU.Build.0 = Release|Any CPU
	EndGlobalSection
	GlobalSection(SolutionProperties) = preSolution
		HideSolutionNode = FALSE
	EndGlobalSection
	GlobalSection(ExtensibilityGlobals) = postSolution
		SolutionGuid = {A8794775-FC35-440F-9009-5C58E53BF9CD}
	EndGlobalSection
EndGlobal
